
Microsoft Visual Studio Solution File, Format Version 12.00
# Visual Studio Version 16
VisualStudioVersion = 16.0.34931.43
MinimumVisualStudioVersion = 10.0.40219.1
Project("{FAE04EC0-301F-11D3-BF4B-00C04F79EFBC}") = "TechSolutions", "TechSolutions.csproj", "{D7D283DE-CF07-4270-AE31-F1589A18EC07}"
EndProject
Global
	GlobalSection(SolutionConfigurationPlatforms) = preSolution
		Debug|Any CPU = Debug|Any CPU
		Release|Any CPU = Release|Any CPU
	EndGlobalSection
	GlobalSection(ProjectConfigurationPlatforms) = postSolution
		{D7D283DE-CF07-4270-AE31-F1589A18EC07}.Debug|Any CPU.ActiveCfg = Debug|Any CPU
		{D7D283DE-CF07-4270-AE31-F1589A18EC07}.Debug|Any CPU.Build.0 = Debug|Any CPU
		{D7D283DE-CF07-4270-AE31-F1589A18EC07}.Release|Any CPU.ActiveCfg = Release|Any CPU
		{D7D283DE-CF07-4270-AE31-F1589A18EC07}.Release|Any CPU.Build.0 = Release|Any CPU
	EndGlobalSection
	GlobalSection(SolutionProperties) = preSolution
		HideSolutionNode = FALSE
	EndGlobalSection
	GlobalSection(ExtensibilityGlobals) = postSolution
		SolutionGuid = {1DEDD1BA-88F4-4123-838E-F653DDE84A12}
	EndGlobalSection
EndGlobal
